
Microsoft Visual Studio Solution File, Format Version 12.00
# Visual Studio Version 17
VisualStudioVersion = 17.0.31903.59
MinimumVisualStudioVersion = 10.0.40219.1
Project("{FAE04EC0-301F-11D3-BF4B-00C04F79EFBC}") = "RemoteDesktopSession", "RemoteDesktopSession\RemoteDesktopSession.csproj", "{E7096776-8563-46A5-AD6F-0ABE1A0CA011}"
EndProject
Project("{FAE04EC0-301F-11D3-BF4B-00C04F79EFBC}") = "RemoteDesktopSession.Tests", "RemoteDesktopSession.Tests\RemoteDesktopSession.Tests.csproj", "{8791819B-2019-4E6B-ACC0-B9B8D792242C}"
EndProject
Global
	GlobalSection(SolutionConfigurationPlatforms) = preSolution
		Debug|Any CPU = Debug|Any CPU
		Release|Any CPU = Release|Any CPU
	EndGlobalSection
	GlobalSection(SolutionProperties) = preSolution
		HideSolutionNode = FALSE
	EndGlobalSection
	GlobalSection(ProjectConfigurationPlatforms) = postSolution
		{E7096776-8563-46A5-AD6F-0ABE1A0CA011}.Debug|Any CPU.ActiveCfg = Debug|Any CPU
		{E7096776-8563-46A5-AD6F-0ABE1A0CA011}.Debug|Any CPU.Build.0 = Debug|Any CPU
		{E7096776-8563-46A5-AD6F-0ABE1A0CA011}.Release|Any CPU.ActiveCfg = Release|Any CPU
		{E7096776-8563-46A5-AD6F-0ABE1A0CA011}.Release|Any CPU.Build.0 = Release|Any CPU
		{8791819B-2019-4E6B-ACC0-B9B8D792242C}.Debug|Any CPU.ActiveCfg = Debug|Any CPU
		{8791819B-2019-4E6B-ACC0-B9B8D792242C}.Debug|Any CPU.Build.0 = Debug|Any CPU
		{8791819B-2019-4E6B-ACC0-B9B8D792242C}.Release|Any CPU.ActiveCfg = Release|Any CPU
		{8791819B-2019-4E6B-ACC0-B9B8D792242C}.Release|Any CPU.Build.0 = Release|Any CPU
	EndGlobalSection
EndGlobal
